
Microsoft Visual Studio Solution File, Format Version 12.00
# Visual Studio 2013
VisualStudioVersion = 12.0.31101.0
MinimumVisualStudioVersion = 10.0.40219.1
Project("{FAE04EC0-301F-11D3-BF4B-00C04F79EFBC}") = "dnd-srd", "dnd-srd\dnd-srd.csproj", "{4E1BDDEF-443D-45F4-832F-3AC368F44E17}"
EndProject
Project("{2150E333-8FDC-42A3-9474-1A3956D46DE8}") = "PublishScripts", "PublishScripts", "{C862C8A4-AD86-4296-80F0-6D7B4A9CA2AE}"
	ProjectSection(SolutionItems) = preProject
		PublishScripts\AzureWebsitePublishModule.psm1 = PublishScripts\AzureWebsitePublishModule.psm1
		PublishScripts\Publish-WebApplicationWebsite.ps1 = PublishScripts\Publish-WebApplicationWebsite.ps1
	EndProjectSection
EndProject
Project("{2150E333-8FDC-42A3-9474-1A3956D46DE8}") = "Configurations", "Configurations", "{4BAAECFB-8A52-4E89-8A11-EF1198CBEA97}"
	ProjectSection(SolutionItems) = preProject
		PublishScripts\Configurations\dnd-srd-WAWS-dev.json = PublishScripts\Configurations\dnd-srd-WAWS-dev.json
	EndProjectSection
EndProject
Global
	GlobalSection(SolutionConfigurationPlatforms) = preSolution
		Debug|Any CPU = Debug|Any CPU
		Release|Any CPU = Release|Any CPU
	EndGlobalSection
	GlobalSection(ProjectConfigurationPlatforms) = postSolution
		{4E1BDDEF-443D-45F4-832F-3AC368F44E17}.Debug|Any CPU.ActiveCfg = Debug|Any CPU
		{4E1BDDEF-443D-45F4-832F-3AC368F44E17}.Debug|Any CPU.Build.0 = Debug|Any CPU
		{4E1BDDEF-443D-45F4-832F-3AC368F44E17}.Release|Any CPU.ActiveCfg = Release|Any CPU
		{4E1BDDEF-443D-45F4-832F-3AC368F44E17}.Release|Any CPU.Build.0 = Release|Any CPU
	EndGlobalSection
	GlobalSection(SolutionProperties) = preSolution
		HideSolutionNode = FALSE
	EndGlobalSection
	GlobalSection(NestedProjects) = preSolution
		{4BAAECFB-8A52-4E89-8A11-EF1198CBEA97} = {C862C8A4-AD86-4296-80F0-6D7B4A9CA2AE}
	EndGlobalSection
EndGlobal
